// !$*UTF8*$!
{
	archiveVersion = 1;
	classes = {
	};
	objectVersion = 46;
	objects = {

/* Begin PBXBuildFile section */
		9C1E1FBE1C9CDB830051E946 /* AppDelegate.swift in Sources */ = {isa = PBXBuildFile; fileRef = 9C1E1FBD1C9CDB830051E946 /* AppDelegate.swift */; };
		9C1E1FC01C9CDB830051E946 /* ViewController.swift in Sources */ = {isa = PBXBuildFile; fileRef = 9C1E1FBF1C9CDB830051E946 /* ViewController.swift */; };
		9C1E1FC31C9CDB830051E946 /* Main.storyboard in Resources */ = {isa = PBXBuildFile; fileRef = 9C1E1FC11C9CDB830051E946 /* Main.storyboard */; };
		9C1E1FC51C9CDB830051E946 /* Assets.xcassets in Resources */ = {isa = PBXBuildFile; fileRef = 9C1E1FC41C9CDB830051E946 /* Assets.xcassets */; };
		9C1E1FC81C9CDB830051E946 /* LaunchScreen.storyboard in Resources */ = {isa = PBXBuildFile; fileRef = 9C1E1FC61C9CDB830051E946 /* LaunchScreen.storyboard */; };
		9C1E1FD01C9CDBA50051E946 /* california.mp3 in Resources */ = {isa = PBXBuildFile; fileRef = 9C1E1FCF1C9CDBA50051E946 /* california.mp3 */; };
		9C1E1FD21C9CDBAF0051E946 /* horse.mp3 in Resources */ = {isa = PBXBuildFile; fileRef = 9C1E1FD11C9CDBAF0051E946 /* horse.mp3 */; };
		9C1E1FD41C9CDBBC0051E946 /* francisco.mp3 in Resources */ = {isa = PBXBuildFile; fileRef = 9C1E1FD31C9CDBBC0051E946 /* francisco.mp3 */; };
		9C1E1FD61C9CDBC30051E946 /* steppin.mp3 in Resources */ = {isa = PBXBuildFile; fileRef = 9C1E1FD51C9CDBC30051E946 /* steppin.mp3 */; };
		9C1E1FD81C9CDBC90051E946 /* gold.mp3 in Resources */ = {isa = PBXBuildFile; fileRef = 9C1E1FD71C9CDBC90051E946 /* gold.mp3 */; };
		9C1E1FDA1C9CDBE70051E946 /* california.jpg in Resources */ = {isa = PBXBuildFile; fileRef = 9C1E1FD91C9CDBE70051E946 /* california.jpg */; };
		9C1E1FDC1C9CDBF30051E946 /* horse.jpg in Resources */ = {isa = PBXBuildFile; fileRef = 9C1E1FDB1C9CDBF30051E946 /* horse.jpg */; };
		9C1E1FDE1C9CDC040051E946 /* francisco.jpg in Resources */ = {isa = PBXBuildFile; fileRef = 9C1E1FDD1C9CDC040051E946 /* francisco.jpg */; };
		9C1E1FE21C9CDC310051E946 /* gold.jpg in Resources */ = {isa = PBXBuildFile; fileRef = 9C1E1FE11C9CDC310051E946 /* gold.jpg */; };
		9C1E1FE41C9CE9010051E946 /* Datos.swift in Sources */ = {isa = PBXBuildFile; fileRef = 9C1E1FE31C9CE9010051E946 /* Datos.swift */; };
		9C1E1FE61C9CFC460051E946 /* steppin.jpg in Resources */ = {isa = PBXBuildFile; fileRef = 9C1E1FE51C9CFC460051E946 /* steppin.jpg */; };
/* End PBXBuildFile section */

/* Begin PBXFileReference section */
		9C1E1FBA1C9CDB830051E946 /* DemoMusic.app */ = {isa = PBXFileReference; explicitFileType = wrapper.application; includeInIndex = 0; path = DemoMusic.app; sourceTree = BUILT_PRODUCTS_DIR; };
		9C1E1FBD1C9CDB830051E946 /* AppDelegate.swift */ = {isa = PBXFileReference; lastKnownFileType = sourcecode.swift; path = AppDelegate.swift; sourceTree = "<group>"; };
		9C1E1FBF1C9CDB830051E946 /* ViewController.swift */ = {isa = PBXFileReference; lastKnownFileType = sourcecode.swift; path = ViewController.swift; sourceTree = "<group>"; };
		9C1E1FC21C9CDB830051E946 /* Base */ = {isa = PBXFileReference; lastKnownFileType = file.storyboard; name = Base; path = Base.lproj/Main.storyboard; sourceTree = "<group>"; };
		9C1E1FC41C9CDB830051E946 /* Assets.xcassets */ = {isa = PBXFileReference; lastKnownFileType = folder.assetcatalog; path = Assets.xcassets; sourceTree = "<group>"; };
		9C1E1FC71C9CDB830051E946 /* Base */ = {isa = PBXFileReference; lastKnownFileType = file.storyboard; name = Base; path = Base.lproj/LaunchScreen.storyboard; sourceTree = "<group>"; };
		9C1E1FC91C9CDB830051E946 /* Info.plist */ = {isa = PBXFileReference; lastKnownFileType = text.plist.xml; path = Info.plist; sourceTree = "<group>"; };
		9C1E1FCF1C9CDBA50051E946 /* california.mp3 */ = {isa = PBXFileReference; lastKnownFileType = audio.mp3; path = california.mp3; sourceTree = "<group>"; };
		9C1E1FD11C9CDBAF0051E946 /* horse.mp3 */ = {isa = PBXFileReference; lastKnownFileType = audio.mp3; path = horse.mp3; sourceTree = "<group>"; };
		9C1E1FD31C9CDBBC0051E946 /* francisco.mp3 */ = {isa = PBXFileReference; lastKnownFileType = audio.mp3; path = francisco.mp3; sourceTree = "<group>"; };
		9C1E1FD51C9CDBC30051E946 /* steppin.mp3 */ = {isa = PBXFileReference; lastKnownFileType = audio.mp3; path = steppin.mp3; sourceTree = "<group>"; };
		9C1E1FD71C9CDBC90051E946 /* gold.mp3 */ = {isa = PBXFileReference; lastKnownFileType = audio.mp3; path = gold.mp3; sourceTree = "<group>"; };
		9C1E1FD91C9CDBE70051E946 /* california.jpg */ = {isa = PBXFileReference; lastKnownFileType = image.jpeg; path = california.jpg; sourceTree = "<group>"; };
		9C1E1FDB1C9CDBF30051E946 /* horse.jpg */ = {isa = PBXFileReference; lastKnownFileType = image.jpeg; path = horse.jpg; sourceTree = "<group>"; };
		9C1E1FDD1C9CDC040051E946 /* francisco.jpg */ = {isa = PBXFileReference; lastKnownFileType = image.jpeg; path = francisco.jpg; sourceTree = "<group>"; };
		9C1E1FE11C9CDC310051E946 /* gold.jpg */ = {isa = PBXFileReference; lastKnownFileType = image.jpeg; path = gold.jpg; sourceTree = "<group>"; };
		9C1E1FE31C9CE9010051E946 /* Datos.swift */ = {isa = PBXFileReference; fileEncoding = 4; lastKnownFileType = sourcecode.swift; path = Datos.swift; sourceTree = "<group>"; };
		9C1E1FE51C9CFC460051E946 /* steppin.jpg */ = {isa = PBXFileReference; lastKnownFileType = image.jpeg; path = steppin.jpg; sourceTree = "<group>"; };
/* End PBXFileReference section */

/* Begin PBXFrameworksBuildPhase section */
		9C1E1FB71C9CDB830051E946 /* Frameworks */ = {
			isa = PBXFrameworksBuildPhase;
			buildActionMask = 2147483647;
			files = (
			);
			runOnlyForDeploymentPostprocessing = 0;
		};
/* End PBXFrameworksBuildPhase section */

/* Begin PBXGroup section */
		9C1E1FB11C9CDB830051E946 = {
			isa = PBXGroup;
			children = (
				9C1E1FBC1C9CDB830051E946 /* DemoMusic */,
				9C1E1FBB1C9CDB830051E946 /* Products */,
			);
			sourceTree = "<group>";
		};
		9C1E1FBB1C9CDB830051E946 /* Products */ = {
			isa = PBXGroup;
			children = (
				9C1E1FBA1C9CDB830051E946 /* DemoMusic.app */,
			);
			name = Products;
			sourceTree = "<group>";
		};
		9C1E1FBC1C9CDB830051E946 /* DemoMusic */ = {
			isa = PBXGroup;
			children = (
				9C1E1FBD1C9CDB830051E946 /* AppDelegate.swift */,
				9C1E1FBF1C9CDB830051E946 /* ViewController.swift */,
				9C1E1FC11C9CDB830051E946 /* Main.storyboard */,
				9C1E1FC41C9CDB830051E946 /* Assets.xcassets */,
				9C1E1FCF1C9CDBA50051E946 /* california.mp3 */,
				9C1E1FD11C9CDBAF0051E946 /* horse.mp3 */,
				9C1E1FD31C9CDBBC0051E946 /* francisco.mp3 */,
				9C1E1FD51C9CDBC30051E946 /* steppin.mp3 */,
				9C1E1FD71C9CDBC90051E946 /* gold.mp3 */,
				9C1E1FD91C9CDBE70051E946 /* california.jpg */,
				9C1E1FDB1C9CDBF30051E946 /* horse.jpg */,
				9C1E1FDD1C9CDC040051E946 /* francisco.jpg */,
				9C1E1FE51C9CFC460051E946 /* steppin.jpg */,
				9C1E1FE11C9CDC310051E946 /* gold.jpg */,
				9C1E1FC61C9CDB830051E946 /* LaunchScreen.storyboard */,
				9C1E1FC91C9CDB830051E946 /* Info.plist */,
				9C1E1FE31C9CE9010051E946 /* Datos.swift */,
			);
			path = DemoMusic;
			sourceTree = "<group>";
		};
/* End PBXGroup section */

/* Begin PBXNativeTarget section */
		9C1E1FB91C9CDB830051E946 /* DemoMusic */ = {
			isa = PBXNativeTarget;
			buildConfigurationList = 9C1E1FCC1C9CDB830051E946 /* Build configuration list for PBXNativeTarget "DemoMusic" */;
			buildPhases = (
				9C1E1FB61C9CDB830051E946 /* Sources */,
				9C1E1FB71C9CDB830051E946 /* Frameworks */,
				9C1E1FB81C9CDB830051E946 /* Resources */,
			);
			buildRules = (
			);
			dependencies = (
			);
			name = DemoMusic;
			productName = DemoMusic;
			productReference = 9C1E1FBA1C9CDB830051E946 /* DemoMusic.app */;
			productType = "com.apple.product-type.application";
		};
/* End PBXNativeTarget section */

/* Begin PBXProject section */
		9C1E1FB21C9CDB830051E946 /* Project object */ = {
			isa = PBXProject;
			attributes = {
				LastSwiftUpdateCheck = 0720;
				LastUpgradeCheck = 0720;
				ORGANIZATIONNAME = "Juan  Sanchez";
				TargetAttributes = {
					9C1E1FB91C9CDB830051E946 = {
						CreatedOnToolsVersion = 7.2.1;
						DevelopmentTeam = A97FA2MZ62;
					};
				};
			};
			buildConfigurationList = 9C1E1FB51C9CDB830051E946 /* Build configuration list for PBXProject "DemoMusic" */;
			compatibilityVersion = "Xcode 3.2";
			developmentRegion = English;
			hasScannedForEncodings = 0;
			knownRegions = (
				en,
				Base,
			);
			mainGroup = 9C1E1FB11C9CDB830051E946;
			productRefGroup = 9C1E1FBB1C9CDB830051E946 /* Products */;
			projectDirPath = "";
			projectRoot = "";
			targets = (
				9C1E1FB91C9CDB830051E946 /* DemoMusic */,
			);
		};
/* End PBXProject section */

/* Begin PBXResourcesBuildPhase section */
		9C1E1FB81C9CDB830051E946 /* Resources */ = {
			isa = PBXResourcesBuildPhase;
			buildActionMask = 2147483647;
			files = (
				9C1E1FD01C9CDBA50051E946 /* california.mp3 in Resources */,
				9C1E1FE61C9CFC460051E946 /* steppin.jpg in Resources */,
				9C1E1FC81C9CDB830051E946 /* LaunchScreen.storyboard in Resources */,
				9C1E1FD21C9CDBAF0051E946 /* horse.mp3 in Resources */,
				9C1E1FD41C9CDBBC0051E946 /* francisco.mp3 in Resources */,
				9C1E1FDA1C9CDBE70051E946 /* california.jpg in Resources */,
				9C1E1FD81C9CDBC90051E946 /* gold.mp3 in Resources */,
				9C1E1FD61C9CDBC30051E946 /* steppin.mp3 in Resources */,
				9C1E1FDE1C9CDC040051E946 /* francisco.jpg in Resources */,
				9C1E1FDC1C9CDBF30051E946 /* horse.jpg in Resources */,
				9C1E1FE21C9CDC310051E946 /* gold.jpg in Resources */,
				9C1E1FC51C9CDB830051E946 /* Assets.xcassets in Resources */,
				9C1E1FC31C9CDB830051E946 /* Main.storyboard in Resources */,
			);
			runOnlyForDeploymentPostprocessing = 0;
		};
/* End PBXResourcesBuildPhase section */

/* Begin PBXSourcesBuildPhase section */
		9C1E1FB61C9CDB830051E946 /* Sources */ = {
			isa = PBXSourcesBuildPhase;
			buildActionMask = 2147483647;
			files = (
				9C1E1FC01C9CDB830051E946 /* ViewController.swift in Sources */,
				9C1E1FBE1C9CDB830051E946 /* AppDelegate.swift in Sources */,
				9C1E1FE41C9CE9010051E946 /* Datos.swift in Sources */,
			);
			runOnlyForDeploymentPostprocessing = 0;
		};
/* End PBXSourcesBuildPhase section */

/* Begin PBXVariantGroup section */
		9C1E1FC11C9CDB830051E946 /* Main.storyboard */ = {
			isa = PBXVariantGroup;
			children = (
				9C1E1FC21C9CDB830051E946 /* Base */,
			);
			name = Main.storyboard;
			sourceTree = "<group>";
		};
		9C1E1FC61C9CDB830051E946 /* LaunchScreen.storyboard */ = {
			isa = PBXVariantGroup;
			children = (
				9C1E1FC71C9CDB830051E946 /* Base */,
			);
			name = LaunchScreen.storyboard;
			sourceTree = "<group>";
		};
/* End PBXVariantGroup section */

/* Begin XCBuildConfiguration section */
		9C1E1FCA1C9CDB830051E946 /* Debug */ = {
			isa = XCBuildConfiguration;
			buildSettings = {
				ALWAYS_SEARCH_USER_PATHS = NO;
				CLANG_CXX_LANGUAGE_STANDARD = "gnu++0x";
				CLANG_CXX_LIBRARY = "libc++";
				CLANG_ENABLE_MODULES = YES;
				CLANG_ENABLE_OBJC_ARC = YES;
				CLANG_WARN_BOOL_CONVERSION = YES;
				CLANG_WARN_CONSTANT_CONVERSION = YES;
				CLANG_WARN_DIRECT_OBJC_ISA_USAGE = YES_ERROR;
				CLANG_WARN_EMPTY_BODY = YES;
				CLANG_WARN_ENUM_CONVERSION = YES;
				CLANG_WARN_INT_CONVERSION = YES;
				CLANG_WARN_OBJC_ROOT_CLASS = YES_ERROR;
				CLANG_WARN_UNREACHABLE_CODE = YES;
				CLANG_WARN__DUPLICATE_METHOD_MATCH = YES;
				"CODE_SIGN_IDENTITY[sdk=iphoneos*]" = "iPhone Developer";
				COPY_PHASE_STRIP = NO;
				DEBUG_INFORMATION_FORMAT = dwarf;
				ENABLE_STRICT_OBJC_MSGSEND = YES;
				ENABLE_TESTABILITY = YES;
				GCC_C_LANGUAGE_STANDARD = gnu99;
				GCC_DYNAMIC_NO_PIC = NO;
				GCC_NO_COMMON_BLOCKS = YES;
				GCC_OPTIMIZATION_LEVEL = 0;
				GCC_PREPROCESSOR_DEFINITIONS = (
					"DEBUG=1",
					"$(inherited)",
				);
				GCC_WARN_64_TO_32_BIT_CONVERSION = YES;
				GCC_WARN_ABOUT_RETURN_TYPE = YES_ERROR;
				GCC_WARN_UNDECLARED_SELECTOR = YES;
				GCC_WARN_UNINITIALIZED_AUTOS = YES_AGGRESSIVE;
				GCC_WARN_UNUSED_FUNCTION = YES;
				GCC_WARN_UNUSED_VARIABLE = YES;
				IPHONEOS_DEPLOYMENT_TARGET = 9.2;
				MTL_ENABLE_DEBUG_INFO = YES;
				ONLY_ACTIVE_ARCH = YES;
				SDKROOT = iphoneos;
				SWIFT_OPTIMIZATION_LEVEL = "-Onone";
				TARGETED_DEVICE_FAMILY = "1,2";
			};
			name = Debug;
		};
		9C1E1FCB1C9CDB830051E946 /* Release */ = {
			isa = XCBuildConfiguration;
			buildSettings = {
				ALWAYS_SEARCH_USER_PATHS = NO;
				CLANG_CXX_LANGUAGE_STANDARD = "gnu++0x";
				CLANG_CXX_LIBRARY = "libc++";
				CLANG_ENABLE_MODULES = YES;
				CLANG_ENABLE_OBJC_ARC = YES;
				CLANG_WARN_BOOL_CONVERSION = YES;
				CLANG_WARN_CONSTANT_CONVERSION = YES;
				CLANG_WARN_DIRECT_OBJC_ISA_USAGE = YES_ERROR;
				CLANG_WARN_EMPTY_BODY = YES;
				CLANG_WARN_ENUM_CONVERSION = YES;
				CLANG_WARN_INT_CONVERSION = YES;
				CLANG_WARN_OBJC_ROOT_CLASS = YES_ERROR;
				CLANG_WARN_UNREACHABLE_CODE = YES;
				CLANG_WARN__DUPLICATE_METHOD_MATCH = YES;
				"CODE_SIGN_IDENTITY[sdk=iphoneos*]" = "iPhone Developer";
				COPY_PHASE_STRIP = NO;
				DEBUG_INFORMATION_FORMAT = "dwarf-with-dsym";
				ENABLE_NS_ASSERTIONS = NO;
				ENABLE_STRICT_OBJC_MSGSEND = YES;
				GCC_C_LANGUAGE_STANDARD = gnu99;
				GCC_NO_COMMON_BLOCKS = YES;
				GCC_WARN_64_TO_32_BIT_CONVERSION = YES;
				GCC_WARN_ABOUT_RETURN_TYPE = YES_ERROR;
				GCC_WARN_UNDECLARED_SELECTOR = YES;
				GCC_WARN_UNINITIALIZED_AUTOS = YES_AGGRESSIVE;
				GCC_WARN_UNUSED_FUNCTION = YES;
				GCC_WARN_UNUSED_VARIABLE = YES;
				IPHONEOS_DEPLOYMENT_TARGET = 9.2;
				MTL_ENABLE_DEBUG_INFO = NO;
				SDKROOT = iphoneos;
				TARGETED_DEVICE_FAMILY = "1,2";
				VALIDATE_PRODUCT = YES;
			};
			name = Release;
		};
		9C1E1FCD1C9CDB830051E946 /* Debug */ = {
			isa = XCBuildConfiguration;
			buildSettings = {
				ASSETCATALOG_COMPILER_APPICON_NAME = AppIcon;
				INFOPLIST_FILE = DemoMusic/Info.plist;
				LD_RUNPATH_SEARCH_PATHS = "$(inherited) @executable_path/Frameworks";
				PRODUCT_BUNDLE_IDENTIFIER = com.johhns.DemoMusic;
				PRODUCT_NAME = "$(TARGET_NAME)";
			};
			name = Debug;
		};
		9C1E1FCE1C9CDB830051E946 /* Release */ = {
			isa = XCBuildConfiguration;
			buildSettings = {
				ASSETCATALOG_COMPILER_APPICON_NAME = AppIcon;
				INFOPLIST_FILE = DemoMusic/Info.plist;
				LD_RUNPATH_SEARCH_PATHS = "$(inherited) @executable_path/Frameworks";
				PRODUCT_BUNDLE_IDENTIFIER = com.johhns.DemoMusic;
				PRODUCT_NAME = "$(TARGET_NAME)";
			};
			name = Release;
		};
/* End XCBuildConfiguration section */

/* Begin XCConfigurationList section */
		9C1E1FB51C9CDB830051E946 /* Build configuration list for PBXProject "DemoMusic" */ = {
			isa = XCConfigurationList;
			buildConfigurations = (
				9C1E1FCA1C9CDB830051E946 /* Debug */,
				9C1E1FCB1C9CDB830051E946 /* Release */,
			);
			defaultConfigurationIsVisible = 0;
			defaultConfigurationName = Release;
		};
		9C1E1FCC1C9CDB830051E946 /* Build configuration list for PBXNativeTarget "DemoMusic" */ = {
			isa = XCConfigurationList;
			buildConfigurations = (
				9C1E1FCD1C9CDB830051E946 /* Debug */,
				9C1E1FCE1C9CDB830051E946 /* Release */,
			);
			defaultConfigurationIsVisible = 0;
		};
/* End XCConfigurationList section */
	};
	rootObject = 9C1E1FB21C9CDB830051E946 /* Project object */;
}
